
Microsoft Visual Studio Solution File, Format Version 12.00
# Visual Studio Version 16
VisualStudioVersion = 16.0.29613.14
MinimumVisualStudioVersion = 10.0.40219.1
Project("{FAE04EC0-301F-11D3-BF4B-00C04F79EFBC}") = "GeforceNowQueVB", "GeforceNowQueVB\GeforceNowQueVB.csproj", "{059C312C-D1C1-4849-85FB-625C50428898}"
EndProject
Global
	GlobalSection(SolutionConfigurationPlatforms) = preSolution
		Debug|Any CPU = Debug|Any CPU
		Release|Any CPU = Release|Any CPU
	EndGlobalSection
	GlobalSection(ProjectConfigurationPlatforms) = postSolution
		{059C312C-D1C1-4849-85FB-625C50428898}.Debug|Any CPU.ActiveCfg = Debug|Any CPU
		{059C312C-D1C1-4849-85FB-625C50428898}.Debug|Any CPU.Build.0 = Debug|Any CPU
		{059C312C-D1C1-4849-85FB-625C50428898}.Release|Any CPU.ActiveCfg = Release|Any CPU
		{059C312C-D1C1-4849-85FB-625C50428898}.Release|Any CPU.Build.0 = Release|Any CPU
	EndGlobalSection
	GlobalSection(SolutionProperties) = preSolution
		HideSolutionNode = FALSE
	EndGlobalSection
	GlobalSection(ExtensibilityGlobals) = postSolution
		SolutionGuid = {C1CC3F9A-9901-4ECA-B12D-181E970B1ABF}
	EndGlobalSection
EndGlobal
